
Microsoft Visual Studio Solution File, Format Version 12.00
# Visual Studio Version 16
VisualStudioVersion = 16.0.31025.194
MinimumVisualStudioVersion = 10.0.40219.1
Project("{FAE04EC0-301F-11D3-BF4B-00C04F79EFBC}") = "DatabaseFirst", "DatabaseFirst.csproj", "{4350F929-7715-40BA-AE16-3C586C0159A0}"
EndProject
Global
	GlobalSection(SolutionConfigurationPlatforms) = preSolution
		Debug|Any CPU = Debug|Any CPU
		Release|Any CPU = Release|Any CPU
	EndGlobalSection
	GlobalSection(ProjectConfigurationPlatforms) = postSolution
		{4350F929-7715-40BA-AE16-3C586C0159A0}.Debug|Any CPU.ActiveCfg = Debug|Any CPU
		{4350F929-7715-40BA-AE16-3C586C0159A0}.Debug|Any CPU.Build.0 = Debug|Any CPU
		{4350F929-7715-40BA-AE16-3C586C0159A0}.Release|Any CPU.ActiveCfg = Release|Any CPU
		{4350F929-7715-40BA-AE16-3C586C0159A0}.Release|Any CPU.Build.0 = Release|Any CPU
	EndGlobalSection
	GlobalSection(SolutionProperties) = preSolution
		HideSolutionNode = FALSE
	EndGlobalSection
	GlobalSection(ExtensibilityGlobals) = postSolution
		SolutionGuid = {A2C5F98E-1BA5-4DC8-BC64-043C60666469}
	EndGlobalSection
EndGlobal
